
Microsoft Visual Studio Solution File, Format Version 12.00
# Visual Studio Version 17
VisualStudioVersion = 17.8.34408.163
MinimumVisualStudioVersion = 10.0.40219.1
Project("{FAE04EC0-301F-11D3-BF4B-00C04F79EFBC}") = "Raylib_testi", "Raylib_testi.csproj", "{F6BE144F-2944-4965-A112-5E4FE95267FF}"
EndProject
Global
	GlobalSection(SolutionConfigurationPlatforms) = preSolution
		Debug|Any CPU = Debug|Any CPU
		Release|Any CPU = Release|Any CPU
	EndGlobalSection
	GlobalSection(ProjectConfigurationPlatforms) = postSolution
		{F6BE144F-2944-4965-A112-5E4FE95267FF}.Debug|Any CPU.ActiveCfg = Debug|Any CPU
		{F6BE144F-2944-4965-A112-5E4FE95267FF}.Debug|Any CPU.Build.0 = Debug|Any CPU
		{F6BE144F-2944-4965-A112-5E4FE95267FF}.Release|Any CPU.ActiveCfg = Release|Any CPU
		{F6BE144F-2944-4965-A112-5E4FE95267FF}.Release|Any CPU.Build.0 = Release|Any CPU
	EndGlobalSection
	GlobalSection(SolutionProperties) = preSolution
		HideSolutionNode = FALSE
	EndGlobalSection
	GlobalSection(ExtensibilityGlobals) = postSolution
		SolutionGuid = {6158E4C8-3FA9-4A2D-B00C-1A8DAE5A08D5}
	EndGlobalSection
EndGlobal
