
Microsoft Visual Studio Solution File, Format Version 12.00
# Visual Studio Version 17
VisualStudioVersion = 17.13.35931.197 d17.13
MinimumVisualStudioVersion = 10.0.40219.1
Project("{FAE04EC0-301F-11D3-BF4B-00C04F79EFBC}") = "RainDrop", "RainDrop.csproj", "{72A9E5C5-D1F2-4263-9EE2-BD35250F425E}"
EndProject
Global
	GlobalSection(SolutionConfigurationPlatforms) = preSolution
		Debug|Any CPU = Debug|Any CPU
		Release|Any CPU = Release|Any CPU
	EndGlobalSection
	GlobalSection(ProjectConfigurationPlatforms) = postSolution
		{72A9E5C5-D1F2-4263-9EE2-BD35250F425E}.Debug|Any CPU.ActiveCfg = Debug|Any CPU
		{72A9E5C5-D1F2-4263-9EE2-BD35250F425E}.Debug|Any CPU.Build.0 = Debug|Any CPU
		{72A9E5C5-D1F2-4263-9EE2-BD35250F425E}.Release|Any CPU.ActiveCfg = Release|Any CPU
		{72A9E5C5-D1F2-4263-9EE2-BD35250F425E}.Release|Any CPU.Build.0 = Release|Any CPU
	EndGlobalSection
	GlobalSection(SolutionProperties) = preSolution
		HideSolutionNode = FALSE
	EndGlobalSection
	GlobalSection(ExtensibilityGlobals) = postSolution
		SolutionGuid = {B6BC3737-2FDE-4A1C-B4AB-A918248CE015}
	EndGlobalSection
EndGlobal
